
Microsoft Visual Studio Solution File, Format Version 12.00
# Visual Studio 15
VisualStudioVersion = 15.0.28307.1062
MinimumVisualStudioVersion = 10.0.40219.1
Project("{E24C65DC-7377-472B-9ABA-BC803B73C61A}") = "JestAppProj(1)", "JestAppProj\", "{3893A19C-C5D2-423C-AFCE-BA2732EAB189}"
	ProjectSection(WebsiteProperties) = preProject
		TargetFrameworkMoniker = ".NETFramework,Version%3Dv4.6.1"
		Debug.AspNetCompiler.VirtualPath = "/localhost_51784"
		Debug.AspNetCompiler.PhysicalPath = "JestAppProj\"
		Debug.AspNetCompiler.TargetPath = "PrecompiledWeb\localhost_51784\"
		Debug.AspNetCompiler.Updateable = "true"
		Debug.AspNetCompiler.ForceOverwrite = "true"
		Debug.AspNetCompiler.FixedNames = "false"
		Debug.AspNetCompiler.Debug = "True"
		Release.AspNetCompiler.VirtualPath = "/localhost_51784"
		Release.AspNetCompiler.PhysicalPath = "JestAppProj\"
		Release.AspNetCompiler.TargetPath = "PrecompiledWeb\localhost_51784\"
		Release.AspNetCompiler.Updateable = "true"
		Release.AspNetCompiler.ForceOverwrite = "true"
		Release.AspNetCompiler.FixedNames = "false"
		Release.AspNetCompiler.Debug = "False"
		VWDPort = "51784"
		SlnRelativePath = "JestAppProj\"
	EndProjectSection
EndProject
Global
	GlobalSection(SolutionConfigurationPlatforms) = preSolution
		Debug|Any CPU = Debug|Any CPU
	EndGlobalSection
	GlobalSection(ProjectConfigurationPlatforms) = postSolution
		{3893A19C-C5D2-423C-AFCE-BA2732EAB189}.Debug|Any CPU.ActiveCfg = Debug|Any CPU
		{3893A19C-C5D2-423C-AFCE-BA2732EAB189}.Debug|Any CPU.Build.0 = Debug|Any CPU
	EndGlobalSection
	GlobalSection(SolutionProperties) = preSolution
		HideSolutionNode = FALSE
	EndGlobalSection
	GlobalSection(ExtensibilityGlobals) = postSolution
		SolutionGuid = {1095A303-C4EA-4366-A146-7AFB83FACF1A}
	EndGlobalSection
EndGlobal
